
Microsoft Visual Studio Solution File, Format Version 12.00
# Visual Studio 15
VisualStudioVersion = 15.0.27130.2024
MinimumVisualStudioVersion = 10.0.40219.1
Project("{FAE04EC0-301F-11D3-BF4B-00C04F79EFBC}") = "SharpChannel.Channels.VISAChannel", "SharpChannel.Channels.VISAChannel\SharpChannel.Channels.VISAChannel.csproj", "{733FD9CC-AA16-441B-8E98-291A5617A3D7}"
EndProject
Global
	GlobalSection(SolutionConfigurationPlatforms) = preSolution
		Debug|Any CPU = Debug|Any CPU
		Release|Any CPU = Release|Any CPU
	EndGlobalSection
	GlobalSection(ProjectConfigurationPlatforms) = postSolution
		{733FD9CC-AA16-441B-8E98-291A5617A3D7}.Debug|Any CPU.ActiveCfg = Debug|Any CPU
		{733FD9CC-AA16-441B-8E98-291A5617A3D7}.Debug|Any CPU.Build.0 = Debug|Any CPU
		{733FD9CC-AA16-441B-8E98-291A5617A3D7}.Release|Any CPU.ActiveCfg = Release|Any CPU
		{733FD9CC-AA16-441B-8E98-291A5617A3D7}.Release|Any CPU.Build.0 = Release|Any CPU
	EndGlobalSection
	GlobalSection(SolutionProperties) = preSolution
		HideSolutionNode = FALSE
	EndGlobalSection
	GlobalSection(ExtensibilityGlobals) = postSolution
		SolutionGuid = {1599DF0F-9260-4ED9-B415-E28B037DBF25}
	EndGlobalSection
EndGlobal
